
Microsoft Visual Studio Solution File, Format Version 12.00
# Visual Studio Version 17
VisualStudioVersion = 17.14.36301.6 d17.14
MinimumVisualStudioVersion = 10.0.40219.1
Project("{FAE04EC0-301F-11D3-BF4B-00C04F79EFBC}") = "internship.features.core", "internship.features.core.csproj", "{14D7E66D-EC5C-4E3A-83F0-B08E9EB03440}"
EndProject
Global
	GlobalSection(SolutionConfigurationPlatforms) = preSolution
		Debug|Any CPU = Debug|Any CPU
		Release|Any CPU = Release|Any CPU
	EndGlobalSection
	GlobalSection(ProjectConfigurationPlatforms) = postSolution
		{14D7E66D-EC5C-4E3A-83F0-B08E9EB03440}.Debug|Any CPU.ActiveCfg = Debug|Any CPU
		{14D7E66D-EC5C-4E3A-83F0-B08E9EB03440}.Debug|Any CPU.Build.0 = Debug|Any CPU
		{14D7E66D-EC5C-4E3A-83F0-B08E9EB03440}.Release|Any CPU.ActiveCfg = Release|Any CPU
		{14D7E66D-EC5C-4E3A-83F0-B08E9EB03440}.Release|Any CPU.Build.0 = Release|Any CPU
	EndGlobalSection
	GlobalSection(SolutionProperties) = preSolution
		HideSolutionNode = FALSE
	EndGlobalSection
	GlobalSection(ExtensibilityGlobals) = postSolution
		SolutionGuid = {1089E2AC-6DB1-40AC-A0EA-83F49F4EFCF1}
	EndGlobalSection
EndGlobal
